
Microsoft Visual Studio Solution File, Format Version 12.00
# Visual Studio Version 16
VisualStudioVersion = 16.0.29025.244
MinimumVisualStudioVersion = 10.0.40219.1
Project("{FAE04EC0-301F-11D3-BF4B-00C04F79EFBC}") = "Advocate2MSSQL", "Advocate2MSSQL.csproj", "{291B1522-C77E-4B44-9D8A-3B3D6486ED5B}"
EndProject
Global
	GlobalSection(SolutionConfigurationPlatforms) = preSolution
		Debug|Any CPU = Debug|Any CPU
		Release|Any CPU = Release|Any CPU
	EndGlobalSection
	GlobalSection(ProjectConfigurationPlatforms) = postSolution
		{291B1522-C77E-4B44-9D8A-3B3D6486ED5B}.Debug|Any CPU.ActiveCfg = Debug|Any CPU
		{291B1522-C77E-4B44-9D8A-3B3D6486ED5B}.Debug|Any CPU.Build.0 = Debug|Any CPU
		{291B1522-C77E-4B44-9D8A-3B3D6486ED5B}.Release|Any CPU.ActiveCfg = Release|Any CPU
		{291B1522-C77E-4B44-9D8A-3B3D6486ED5B}.Release|Any CPU.Build.0 = Release|Any CPU
	EndGlobalSection
	GlobalSection(SolutionProperties) = preSolution
		HideSolutionNode = FALSE
	EndGlobalSection
	GlobalSection(ExtensibilityGlobals) = postSolution
		SolutionGuid = {A3AA2F0D-7AC7-4097-B5EC-2C0114E70F47}
	EndGlobalSection
EndGlobal
